version = 1
revision = 3
requires-python = ">=3.12"

[[package]]
name = "dreamuv"
version = "0.1.0"
source = { virtual = "." }
dependencies = [
    { name = "fake-bpy-module-latest" },
]

[package.metadata]
requires-dist = [{ name = "fake-bpy-module-latest", specifier = ">=20260901" }]

[[package]]
name = "fake-bpy-module-latest"
version = "20260901"
source = { registry = "https://pypi.org/simple" }
sdist = { url = "https://files.pythonhosted.org/packages/fb/19/298dedafe6c825085e7d9cc648e8d768c5c241894ff4a52ad7823662bd39/fake_bpy_module_latest-20260901.tar.gz", hash = "sha256:9cacec4a9a812c607b0db8e37ba90076e246c6e83364a8576a75bc0e3736d34b", size = 963078, upload-time = "2026-09-01T10:43:22.61Z" }
wheels = [
    { url = "https://files.pythonhosted.org/packages/91/56/90dc3bde8c10f08b852065a1334abc598c718a0aa5d64731b5e3bdfbfd64/fake_bpy_module_latest-20260901-py3-none-any.whl", hash = "sha256:89ab58d8ccbf0db91b01904efd309d3edd40aa4c13e42b47e82ad5de218da13d", size = 1110755, upload-time = "2026-09-01T10:43:20.291Z" },
]
