version = 1
revision = 3
requires-python = ">=3.12"

[[package]]
name = "hotspotter-core"
version = "0.1.0"
source = { editable = "." }
dependencies = [
    { name = "nanobind" },
]

[package.metadata]
requires-dist = [{ name = "nanobind", specifier = ">=3.0.1" }]

[[package]]
name = "nanobind"
version = "3.0.1"
source = { registry = "https://pypi.org/simple" }
sdist = { url = "https://files.pythonhosted.org/packages/07/11/69cf231c4f3ac4fa724a0b1933c3650fb65aff6b9d7a4c2573b9e4e40077/nanobind-3.0.1.tar.gz", hash = "sha256:f7f0a889c8fb80deaacb95e918d88e05148850a32d2b8eda28446291b2bf7c35", size = 1142340, upload-time = "2026-08-27T22:45:21.806Z" }
wheels = [
    { url = "https://files.pythonhosted.org/packages/1c/cf/261b8281d410d99b22ce47559ce56f98c7548dccf8c25ed70a51fbf42d1f/nanobind-3.0.1-py3-none-any.whl", hash = "sha256:4b49491fe8bf483a5e0342125b8fe56237e490ba642c7e296170b8cd256a7764", size = 316363, upload-time = "2026-08-27T22:45:20.155Z" },
]
